// !$*UTF8*$!
{
	archiveVersion = 1;
	classes = {
	};
	objectVersion = 50;
	objects = {

/* Begin PBXBuildFile section */
		FCF20B7322D4E1AF00C0DD2D /* AppDelegate.swift in Sources */ = {isa = PBXBuildFile; fileRef = FCF20B7222D4E1AF00C0DD2D /* AppDelegate.swift */; };
		FCF20B7522D4E1AF00C0DD2D /* ViewController.swift in Sources */ = {isa = PBXBuildFile; fileRef = FCF20B7422D4E1AF00C0DD2D /* ViewController.swift */; };
		FCF20B7822D4E1AF00C0DD2D /* Main.storyboard in Resources */ = {isa = PBXBuildFile; fileRef = FCF20B7622D4E1AF00C0DD2D /* Main.storyboard */; };
		FCF20B7A22D4E1AF00C0DD2D /* Assets.xcassets in Resources */ = {isa = PBXBuildFile; fileRef = FCF20B7922D4E1AF00C0DD2D /* Assets.xcassets */; };
		FCF20B7D22D4E1AF00C0DD2D /* LaunchScreen.storyboard in Resources */ = {isa = PBXBuildFile; fileRef = FCF20B7B22D4E1AF00C0DD2D /* LaunchScreen.storyboard */; };
/* End PBXBuildFile section */

/* Begin PBXFileReference section */
		FCF20B6F22D4E1AF00C0DD2D /* MapKit0102.app */ = {isa = PBXFileReference; explicitFileType = wrapper.application; includeInIndex = 0; path = MapKit0102.app; sourceTree = BUILT_PRODUCTS_DIR; };
		FCF20B7222D4E1AF00C0DD2D /* AppDelegate.swift */ = {isa = PBXFileReference; lastKnownFileType = sourcecode.swift; path = AppDelegate.swift; sourceTree = "<group>"; };
		FCF20B7422D4E1AF00C0DD2D /* ViewController.swift */ = {isa = PBXFileReference; lastKnownFileType = sourcecode.swift; path = ViewController.swift; sourceTree = "<group>"; };
		FCF20B7722D4E1AF00C0DD2D /* Base */ = {isa = PBXFileReference; lastKnownFileType = file.storyboard; name = Base; path = Base.lproj/Main.storyboard; sourceTree = "<group>"; };
		FCF20B7922D4E1AF00C0DD2D /* Assets.xcassets */ = {isa = PBXFileReference; lastKnownFileType = folder.assetcatalog; path = Assets.xcassets; sourceTree = "<group>"; };
		FCF20B7C22D4E1AF00C0DD2D /* Base */ = {isa = PBXFileReference; lastKnownFileType = file.storyboard; name = Base; path = Base.lproj/LaunchScreen.storyboard; sourceTree = "<group>"; };
		FCF20B7E22D4E1AF00C0DD2D /* Info.plist */ = {isa = PBXFileReference; lastKnownFileType = text.plist.xml; path = Info.plist; sourceTree = "<group>"; };
/* End PBXFileReference section */

/* Begin PBXFrameworksBuildPhase section */
		FCF20B6C22D4E1AF00C0DD2D /* Frameworks */ = {
			isa = PBXFrameworksBuildPhase;
			buildActionMask = 2147483647;
			files = (
			);
			runOnlyForDeploymentPostprocessing = 0;
		};
/* End PBXFrameworksBuildPhase section */

/* Begin PBXGroup section */
		FCF20B6622D4E1AE00C0DD2D = {
			isa = PBXGroup;
			children = (
				FCF20B7122D4E1AF00C0DD2D /* MapKit0102 */,
				FCF20B7022D4E1AF00C0DD2D /* Products */,
			);
			sourceTree = "<group>";
		};
		FCF20B7022D4E1AF00C0DD2D /* Products */ = {
			isa = PBXGroup;
			children = (
				FCF20B6F22D4E1AF00C0DD2D /* MapKit0102.app */,
			);
			name = Products;
			sourceTree = "<group>";
		};
		FCF20B7122D4E1AF00C0DD2D /* MapKit0102 */ = {
			isa = PBXGroup;
			children = (
				FCF20B7222D4E1AF00C0DD2D /* AppDelegate.swift */,
				FCF20B7422D4E1AF00C0DD2D /* ViewController.swift */,
				FCF20B7622D4E1AF00C0DD2D /* Main.storyboard */,
				FCF20B7922D4E1AF00C0DD2D /* Assets.xcassets */,
				FCF20B7B22D4E1AF00C0DD2D /* LaunchScreen.storyboard */,
				FCF20B7E22D4E1AF00C0DD2D /* Info.plist */,
			);
			path = MapKit0102;
			sourceTree = "<group>";
		};
/* End PBXGroup section */

/* Begin PBXNativeTarget section */
		FCF20B6E22D4E1AF00C0DD2D /* MapKit0102 */ = {
			isa = PBXNativeTarget;
			buildConfigurationList = FCF20B8122D4E1AF00C0DD2D /* Build configuration list for PBXNativeTarget "MapKit0102" */;
			buildPhases = (
				FCF20B6B22D4E1AF00C0DD2D /* Sources */,
				FCF20B6C22D4E1AF00C0DD2D /* Frameworks */,
				FCF20B6D22D4E1AF00C0DD2D /* Resources */,
			);
			buildRules = (
			);
			dependencies = (
			);
			name = MapKit0102;
			productName = MapKit0102;
			productReference = FCF20B6F22D4E1AF00C0DD2D /* MapKit0102.app */;
			productType = "com.apple.product-type.application";
		};
/* End PBXNativeTarget section */

/* Begin PBXProject section */
		FCF20B6722D4E1AE00C0DD2D /* Project object */ = {
			isa = PBXProject;
			attributes = {
				LastSwiftUpdateCheck = 1020;
				LastUpgradeCheck = 1020;
				ORGANIZATIONNAME = "Luc Derosne";
				TargetAttributes = {
					FCF20B6E22D4E1AF00C0DD2D = {
						CreatedOnToolsVersion = 10.2.1;
					};
				};
			};
			buildConfigurationList = FCF20B6A22D4E1AE00C0DD2D /* Build configuration list for PBXProject "MapKit0102" */;
			compatibilityVersion = "Xcode 9.3";
			developmentRegion = en;
			hasScannedForEncodings = 0;
			knownRegions = (
				en,
				Base,
			);
			mainGroup = FCF20B6622D4E1AE00C0DD2D;
			productRefGroup = FCF20B7022D4E1AF00C0DD2D /* Products */;
			projectDirPath = "";
			projectRoot = "";
			targets = (
				FCF20B6E22D4E1AF00C0DD2D /* MapKit0102 */,
			);
		};
/* End PBXProject section */

/* Begin PBXResourcesBuildPhase section */
		FCF20B6D22D4E1AF00C0DD2D /* Resources */ = {
			isa = PBXResourcesBuildPhase;
			buildActionMask = 2147483647;
			files = (
				FCF20B7D22D4E1AF00C0DD2D /* LaunchScreen.storyboard in Resources */,
				FCF20B7A22D4E1AF00C0DD2D /* Assets.xcassets in Resources */,
				FCF20B7822D4E1AF00C0DD2D /* Main.storyboard in Resources */,
			);
			runOnlyForDeploymentPostprocessing = 0;
		};
/* End PBXResourcesBuildPhase section */

/* Begin PBXSourcesBuildPhase section */
		FCF20B6B22D4E1AF00C0DD2D /* Sources */ = {
			isa = PBXSourcesBuildPhase;
			buildActionMask = 2147483647;
			files = (
				FCF20B7522D4E1AF00C0DD2D /* ViewController.swift in Sources */,
				FCF20B7322D4E1AF00C0DD2D /* AppDelegate.swift in Sources */,
			);
			runOnlyForDeploymentPostprocessing = 0;
		};
/* End PBXSourcesBuildPhase section */

/* Begin PBXVariantGroup section */
		FCF20B7622D4E1AF00C0DD2D /* Main.storyboard */ = {
			isa = PBXVariantGroup;
			children = (
				FCF20B7722D4E1AF00C0DD2D /* Base */,
			);
			name = Main.storyboard;
			sourceTree = "<group>";
		};
		FCF20B7B22D4E1AF00C0DD2D /* LaunchScreen.storyboard */ = {
			isa = PBXVariantGroup;
			children = (
				FCF20B7C22D4E1AF00C0DD2D /* Base */,
			);
			name = LaunchScreen.storyboard;
			sourceTree = "<group>";
		};
/* End PBXVariantGroup section */

/* Begin XCBuildConfiguration section */
		FCF20B7F22D4E1AF00C0DD2D /* Debug */ = {
			isa = XCBuildConfiguration;
			buildSettings = {
				ALWAYS_SEARCH_USER_PATHS = NO;
				CLANG_ANALYZER_NONNULL = YES;
				CLANG_ANALYZER_NUMBER_OBJECT_CONVERSION = YES_AGGRESSIVE;
				CLANG_CXX_LANGUAGE_STANDARD = "gnu++14";
				CLANG_CXX_LIBRARY = "libc++";
				CLANG_ENABLE_MODULES = YES;
				CLANG_ENABLE_OBJC_ARC = YES;
				CLANG_ENABLE_OBJC_WEAK = YES;
				CLANG_WARN_BLOCK_CAPTURE_AUTORELEASING = YES;
				CLANG_WARN_BOOL_CONVERSION = YES;
				CLANG_WARN_COMMA = YES;
				CLANG_WARN_CONSTANT_CONVERSION = YES;
				CLANG_WARN_DEPRECATED_OBJC_IMPLEMENTATIONS = YES;
				CLANG_WARN_DIRECT_OBJC_ISA_USAGE = YES_ERROR;
				CLANG_WARN_DOCUMENTATION_COMMENTS = YES;
				CLANG_WARN_EMPTY_BODY = YES;
				CLANG_WARN_ENUM_CONVERSION = YES;
				CLANG_WARN_INFINITE_RECURSION = YES;
				CLANG_WARN_INT_CONVERSION = YES;
				CLANG_WARN_NON_LITERAL_NULL_CONVERSION = YES;
				CLANG_WARN_OBJC_IMPLICIT_RETAIN_SELF = YES;
				CLANG_WARN_OBJC_LITERAL_CONVERSION = YES;
				CLANG_WARN_OBJC_ROOT_CLASS = YES_ERROR;
				CLANG_WARN_RANGE_LOOP_ANALYSIS = YES;
				CLANG_WARN_STRICT_PROTOTYPES = YES;
				CLANG_WARN_SUSPICIOUS_MOVE = YES;
				CLANG_WARN_UNGUARDED_AVAILABILITY = YES_AGGRESSIVE;
				CLANG_WARN_UNREACHABLE_CODE = YES;
				CLANG_WARN__DUPLICATE_METHOD_MATCH = YES;
				CODE_SIGN_IDENTITY = "iPhone Developer";
				COPY_PHASE_STRIP = NO;
				DEBUG_INFORMATION_FORMAT = dwarf;
				ENABLE_STRICT_OBJC_MSGSEND = YES;
				ENABLE_TESTABILITY = YES;
				GCC_C_LANGUAGE_STANDARD = gnu11;
				GCC_DYNAMIC_NO_PIC = NO;
				GCC_NO_COMMON_BLOCKS = YES;
				GCC_OPTIMIZATION_LEVEL = 0;
				GCC_PREPROCESSOR_DEFINITIONS = (
					"DEBUG=1",
					"$(inherited)",
				);
				GCC_WARN_64_TO_32_BIT_CONVERSION = YES;
				GCC_WARN_ABOUT_RETURN_TYPE = YES_ERROR;
				GCC_WARN_UNDECLARED_SELECTOR = YES;
				GCC_WARN_UNINITIALIZED_AUTOS = YES_AGGRESSIVE;
				GCC_WARN_UNUSED_FUNCTION = YES;
				GCC_WARN_UNUSED_VARIABLE = YES;
				IPHONEOS_DEPLOYMENT_TARGET = 12.2;
				MTL_ENABLE_DEBUG_INFO = INCLUDE_SOURCE;
				MTL_FAST_MATH = YES;
				ONLY_ACTIVE_ARCH = YES;
				SDKROOT = iphoneos;
				SWIFT_ACTIVE_COMPILATION_CONDITIONS = DEBUG;
				SWIFT_OPTIMIZATION_LEVEL = "-Onone";
			};
			name = Debug;
		};
		FCF20B8022D4E1AF00C0DD2D /* Release */ = {
			isa = XCBuildConfiguration;
			buildSettings = {
				ALWAYS_SEARCH_USER_PATHS = NO;
				CLANG_ANALYZER_NONNULL = YES;
				CLANG_ANALYZER_NUMBER_OBJECT_CONVERSION = YES_AGGRESSIVE;
				CLANG_CXX_LANGUAGE_STANDARD = "gnu++14";
				CLANG_CXX_LIBRARY = "libc++";
				CLANG_ENABLE_MODULES = YES;
				CLANG_ENABLE_OBJC_ARC = YES;
				CLANG_ENABLE_OBJC_WEAK = YES;
				CLANG_WARN_BLOCK_CAPTURE_AUTORELEASING = YES;
				CLANG_WARN_BOOL_CONVERSION = YES;
				CLANG_WARN_COMMA = YES;
				CLANG_WARN_CONSTANT_CONVERSION = YES;
				CLANG_WARN_DEPRECATED_OBJC_IMPLEMENTATIONS = YES;
				CLANG_WARN_DIRECT_OBJC_ISA_USAGE = YES_ERROR;
				CLANG_WARN_DOCUMENTATION_COMMENTS = YES;
				CLANG_WARN_EMPTY_BODY = YES;
				CLANG_WARN_ENUM_CONVERSION = YES;
				CLANG_WARN_INFINITE_RECURSION = YES;
				CLANG_WARN_INT_CONVERSION = YES;
				CLANG_WARN_NON_LITERAL_NULL_CONVERSION = YES;
				CLANG_WARN_OBJC_IMPLICIT_RETAIN_SELF = YES;
				CLANG_WARN_OBJC_LITERAL_CONVERSION = YES;
				CLANG_WARN_OBJC_ROOT_CLASS = YES_ERROR;
				CLANG_WARN_RANGE_LOOP_ANALYSIS = YES;
				CLANG_WARN_STRICT_PROTOTYPES = YES;
				CLANG_WARN_SUSPICIOUS_MOVE = YES;
				CLANG_WARN_UNGUARDED_AVAILABILITY = YES_AGGRESSIVE;
				CLANG_WARN_UNREACHABLE_CODE = YES;
				CLANG_WARN__DUPLICATE_METHOD_MATCH = YES;
				CODE_SIGN_IDENTITY = "iPhone Developer";
				COPY_PHASE_STRIP = NO;
				DEBUG_INFORMATION_FORMAT = "dwarf-with-dsym";
				ENABLE_NS_ASSERTIONS = NO;
				ENABLE_STRICT_OBJC_MSGSEND = YES;
				GCC_C_LANGUAGE_STANDARD = gnu11;
				GCC_NO_COMMON_BLOCKS = YES;
				GCC_WARN_64_TO_32_BIT_CONVERSION = YES;
				GCC_WARN_ABOUT_RETURN_TYPE = YES_ERROR;
				GCC_WARN_UNDECLARED_SELECTOR = YES;
				GCC_WARN_UNINITIALIZED_AUTOS = YES_AGGRESSIVE;
				GCC_WARN_UNUSED_FUNCTION = YES;
				GCC_WARN_UNUSED_VARIABLE = YES;
				IPHONEOS_DEPLOYMENT_TARGET = 12.2;
				MTL_ENABLE_DEBUG_INFO = NO;
				MTL_FAST_MATH = YES;
				SDKROOT = iphoneos;
				SWIFT_COMPILATION_MODE = wholemodule;
				SWIFT_OPTIMIZATION_LEVEL = "-O";
				VALIDATE_PRODUCT = YES;
			};
			name = Release;
		};
		FCF20B8222D4E1AF00C0DD2D /* Debug */ = {
			isa = XCBuildConfiguration;
			buildSettings = {
				ASSETCATALOG_COMPILER_APPICON_NAME = AppIcon;
				CODE_SIGN_STYLE = Automatic;
				DEVELOPMENT_TEAM = Y7TNCJPS5N;
				INFOPLIST_FILE = MapKit0102/Info.plist;
				LD_RUNPATH_SEARCH_PATHS = (
					"$(inherited)",
					"@executable_path/Frameworks",
				);
				PRODUCT_BUNDLE_IDENTIFIER = com.ac10qt.MapKit0102;
				PRODUCT_NAME = "$(TARGET_NAME)";
				SWIFT_VERSION = 5.0;
				TARGETED_DEVICE_FAMILY = "1,2";
			};
			name = Debug;
		};
		FCF20B8322D4E1AF00C0DD2D /* Release */ = {
			isa = XCBuildConfiguration;
			buildSettings = {
				ASSETCATALOG_COMPILER_APPICON_NAME = AppIcon;
				CODE_SIGN_STYLE = Automatic;
				DEVELOPMENT_TEAM = Y7TNCJPS5N;
				INFOPLIST_FILE = MapKit0102/Info.plist;
				LD_RUNPATH_SEARCH_PATHS = (
					"$(inherited)",
					"@executable_path/Frameworks",
				);
				PRODUCT_BUNDLE_IDENTIFIER = com.ac10qt.MapKit0102;
				PRODUCT_NAME = "$(TARGET_NAME)";
				SWIFT_VERSION = 5.0;
				TARGETED_DEVICE_FAMILY = "1,2";
			};
			name = Release;
		};
/* End XCBuildConfiguration section */

/* Begin XCConfigurationList section */
		FCF20B6A22D4E1AE00C0DD2D /* Build configuration list for PBXProject "MapKit0102" */ = {
			isa = XCConfigurationList;
			buildConfigurations = (
				FCF20B7F22D4E1AF00C0DD2D /* Debug */,
				FCF20B8022D4E1AF00C0DD2D /* Release */,
			);
			defaultConfigurationIsVisible = 0;
			defaultConfigurationName = Release;
		};
		FCF20B8122D4E1AF00C0DD2D /* Build configuration list for PBXNativeTarget "MapKit0102" */ = {
			isa = XCConfigurationList;
			buildConfigurations = (
				FCF20B8222D4E1AF00C0DD2D /* Debug */,
				FCF20B8322D4E1AF00C0DD2D /* Release */,
			);
			defaultConfigurationIsVisible = 0;
			defaultConfigurationName = Release;
		};
/* End XCConfigurationList section */
	};
	rootObject = FCF20B6722D4E1AE00C0DD2D /* Project object */;
}
