// !$*UTF8*$!
{
	archiveVersion = 1;
	classes = {
	};
	objectVersion = 50;
	objects = {

/* Begin PBXBuildFile section */
		FC5F985322D4F814007A88E9 /* AppDelegate.swift in Sources */ = {isa = PBXBuildFile; fileRef = FC5F985222D4F814007A88E9 /* AppDelegate.swift */; };
		FC5F985522D4F814007A88E9 /* ViewController.swift in Sources */ = {isa = PBXBuildFile; fileRef = FC5F985422D4F814007A88E9 /* ViewController.swift */; };
		FC5F985822D4F814007A88E9 /* Main.storyboard in Resources */ = {isa = PBXBuildFile; fileRef = FC5F985622D4F814007A88E9 /* Main.storyboard */; };
		FC5F985A22D4F815007A88E9 /* Assets.xcassets in Resources */ = {isa = PBXBuildFile; fileRef = FC5F985922D4F815007A88E9 /* Assets.xcassets */; };
		FC5F985D22D4F815007A88E9 /* LaunchScreen.storyboard in Resources */ = {isa = PBXBuildFile; fileRef = FC5F985B22D4F815007A88E9 /* LaunchScreen.storyboard */; };
		FC5F986522D4F88E007A88E9 /* Poi.swift in Sources */ = {isa = PBXBuildFile; fileRef = FC5F986422D4F88E007A88E9 /* Poi.swift */; };
		FC5F986722D4FCF6007A88E9 /* Default-568h@2x.png in Resources */ = {isa = PBXBuildFile; fileRef = FC5F986622D4FCF6007A88E9 /* Default-568h@2x.png */; };
/* End PBXBuildFile section */

/* Begin PBXFileReference section */
		FC5F984F22D4F814007A88E9 /* MapKit0110.app */ = {isa = PBXFileReference; explicitFileType = wrapper.application; includeInIndex = 0; path = MapKit0110.app; sourceTree = BUILT_PRODUCTS_DIR; };
		FC5F985222D4F814007A88E9 /* AppDelegate.swift */ = {isa = PBXFileReference; lastKnownFileType = sourcecode.swift; path = AppDelegate.swift; sourceTree = "<group>"; };
		FC5F985422D4F814007A88E9 /* ViewController.swift */ = {isa = PBXFileReference; lastKnownFileType = sourcecode.swift; path = ViewController.swift; sourceTree = "<group>"; };
		FC5F985722D4F814007A88E9 /* Base */ = {isa = PBXFileReference; lastKnownFileType = file.storyboard; name = Base; path = Base.lproj/Main.storyboard; sourceTree = "<group>"; };
		FC5F985922D4F815007A88E9 /* Assets.xcassets */ = {isa = PBXFileReference; lastKnownFileType = folder.assetcatalog; path = Assets.xcassets; sourceTree = "<group>"; };
		FC5F985C22D4F815007A88E9 /* Base */ = {isa = PBXFileReference; lastKnownFileType = file.storyboard; name = Base; path = Base.lproj/LaunchScreen.storyboard; sourceTree = "<group>"; };
		FC5F985E22D4F815007A88E9 /* Info.plist */ = {isa = PBXFileReference; lastKnownFileType = text.plist.xml; path = Info.plist; sourceTree = "<group>"; };
		FC5F986422D4F88E007A88E9 /* Poi.swift */ = {isa = PBXFileReference; lastKnownFileType = sourcecode.swift; path = Poi.swift; sourceTree = "<group>"; };
		FC5F986622D4FCF6007A88E9 /* Default-568h@2x.png */ = {isa = PBXFileReference; lastKnownFileType = image.png; path = "Default-568h@2x.png"; sourceTree = "<group>"; };
/* End PBXFileReference section */

/* Begin PBXFrameworksBuildPhase section */
		FC5F984C22D4F814007A88E9 /* Frameworks */ = {
			isa = PBXFrameworksBuildPhase;
			buildActionMask = 2147483647;
			files = (
			);
			runOnlyForDeploymentPostprocessing = 0;
		};
/* End PBXFrameworksBuildPhase section */

/* Begin PBXGroup section */
		FC5F984622D4F814007A88E9 = {
			isa = PBXGroup;
			children = (
				FC5F986622D4FCF6007A88E9 /* Default-568h@2x.png */,
				FC5F985122D4F814007A88E9 /* MapKit0110 */,
				FC5F985022D4F814007A88E9 /* Products */,
			);
			sourceTree = "<group>";
		};
		FC5F985022D4F814007A88E9 /* Products */ = {
			isa = PBXGroup;
			children = (
				FC5F984F22D4F814007A88E9 /* MapKit0110.app */,
			);
			name = Products;
			sourceTree = "<group>";
		};
		FC5F985122D4F814007A88E9 /* MapKit0110 */ = {
			isa = PBXGroup;
			children = (
				FC5F985222D4F814007A88E9 /* AppDelegate.swift */,
				FC5F985422D4F814007A88E9 /* ViewController.swift */,
				FC5F985622D4F814007A88E9 /* Main.storyboard */,
				FC5F986422D4F88E007A88E9 /* Poi.swift */,
				FC5F985922D4F815007A88E9 /* Assets.xcassets */,
				FC5F985B22D4F815007A88E9 /* LaunchScreen.storyboard */,
				FC5F985E22D4F815007A88E9 /* Info.plist */,
			);
			path = MapKit0110;
			sourceTree = "<group>";
		};
/* End PBXGroup section */

/* Begin PBXNativeTarget section */
		FC5F984E22D4F814007A88E9 /* MapKit0110 */ = {
			isa = PBXNativeTarget;
			buildConfigurationList = FC5F986122D4F815007A88E9 /* Build configuration list for PBXNativeTarget "MapKit0110" */;
			buildPhases = (
				FC5F984B22D4F814007A88E9 /* Sources */,
				FC5F984C22D4F814007A88E9 /* Frameworks */,
				FC5F984D22D4F814007A88E9 /* Resources */,
			);
			buildRules = (
			);
			dependencies = (
			);
			name = MapKit0110;
			productName = MapKit0106;
			productReference = FC5F984F22D4F814007A88E9 /* MapKit0110.app */;
			productType = "com.apple.product-type.application";
		};
/* End PBXNativeTarget section */

/* Begin PBXProject section */
		FC5F984722D4F814007A88E9 /* Project object */ = {
			isa = PBXProject;
			attributes = {
				LastSwiftUpdateCheck = 1020;
				LastUpgradeCheck = 1020;
				ORGANIZATIONNAME = "Luc Derosne";
				TargetAttributes = {
					FC5F984E22D4F814007A88E9 = {
						CreatedOnToolsVersion = 10.2.1;
					};
				};
			};
			buildConfigurationList = FC5F984A22D4F814007A88E9 /* Build configuration list for PBXProject "MapKit0110" */;
			compatibilityVersion = "Xcode 9.3";
			developmentRegion = en;
			hasScannedForEncodings = 0;
			knownRegions = (
				en,
				Base,
			);
			mainGroup = FC5F984622D4F814007A88E9;
			productRefGroup = FC5F985022D4F814007A88E9 /* Products */;
			projectDirPath = "";
			projectRoot = "";
			targets = (
				FC5F984E22D4F814007A88E9 /* MapKit0110 */,
			);
		};
/* End PBXProject section */

/* Begin PBXResourcesBuildPhase section */
		FC5F984D22D4F814007A88E9 /* Resources */ = {
			isa = PBXResourcesBuildPhase;
			buildActionMask = 2147483647;
			files = (
				FC5F985D22D4F815007A88E9 /* LaunchScreen.storyboard in Resources */,
				FC5F986722D4FCF6007A88E9 /* Default-568h@2x.png in Resources */,
				FC5F985A22D4F815007A88E9 /* Assets.xcassets in Resources */,
				FC5F985822D4F814007A88E9 /* Main.storyboard in Resources */,
			);
			runOnlyForDeploymentPostprocessing = 0;
		};
/* End PBXResourcesBuildPhase section */

/* Begin PBXSourcesBuildPhase section */
		FC5F984B22D4F814007A88E9 /* Sources */ = {
			isa = PBXSourcesBuildPhase;
			buildActionMask = 2147483647;
			files = (
				FC5F986522D4F88E007A88E9 /* Poi.swift in Sources */,
				FC5F985522D4F814007A88E9 /* ViewController.swift in Sources */,
				FC5F985322D4F814007A88E9 /* AppDelegate.swift in Sources */,
			);
			runOnlyForDeploymentPostprocessing = 0;
		};
/* End PBXSourcesBuildPhase section */

/* Begin PBXVariantGroup section */
		FC5F985622D4F814007A88E9 /* Main.storyboard */ = {
			isa = PBXVariantGroup;
			children = (
				FC5F985722D4F814007A88E9 /* Base */,
			);
			name = Main.storyboard;
			sourceTree = "<group>";
		};
		FC5F985B22D4F815007A88E9 /* LaunchScreen.storyboard */ = {
			isa = PBXVariantGroup;
			children = (
				FC5F985C22D4F815007A88E9 /* Base */,
			);
			name = LaunchScreen.storyboard;
			sourceTree = "<group>";
		};
/* End PBXVariantGroup section */

/* Begin XCBuildConfiguration section */
		FC5F985F22D4F815007A88E9 /* Debug */ = {
			isa = XCBuildConfiguration;
			buildSettings = {
				ALWAYS_SEARCH_USER_PATHS = NO;
				CLANG_ANALYZER_NONNULL = YES;
				CLANG_ANALYZER_NUMBER_OBJECT_CONVERSION = YES_AGGRESSIVE;
				CLANG_CXX_LANGUAGE_STANDARD = "gnu++14";
				CLANG_CXX_LIBRARY = "libc++";
				CLANG_ENABLE_MODULES = YES;
				CLANG_ENABLE_OBJC_ARC = YES;
				CLANG_ENABLE_OBJC_WEAK = YES;
				CLANG_WARN_BLOCK_CAPTURE_AUTORELEASING = YES;
				CLANG_WARN_BOOL_CONVERSION = YES;
				CLANG_WARN_COMMA = YES;
				CLANG_WARN_CONSTANT_CONVERSION = YES;
				CLANG_WARN_DEPRECATED_OBJC_IMPLEMENTATIONS = YES;
				CLANG_WARN_DIRECT_OBJC_ISA_USAGE = YES_ERROR;
				CLANG_WARN_DOCUMENTATION_COMMENTS = YES;
				CLANG_WARN_EMPTY_BODY = YES;
				CLANG_WARN_ENUM_CONVERSION = YES;
				CLANG_WARN_INFINITE_RECURSION = YES;
				CLANG_WARN_INT_CONVERSION = YES;
				CLANG_WARN_NON_LITERAL_NULL_CONVERSION = YES;
				CLANG_WARN_OBJC_IMPLICIT_RETAIN_SELF = YES;
				CLANG_WARN_OBJC_LITERAL_CONVERSION = YES;
				CLANG_WARN_OBJC_ROOT_CLASS = YES_ERROR;
				CLANG_WARN_RANGE_LOOP_ANALYSIS = YES;
				CLANG_WARN_STRICT_PROTOTYPES = YES;
				CLANG_WARN_SUSPICIOUS_MOVE = YES;
				CLANG_WARN_UNGUARDED_AVAILABILITY = YES_AGGRESSIVE;
				CLANG_WARN_UNREACHABLE_CODE = YES;
				CLANG_WARN__DUPLICATE_METHOD_MATCH = YES;
				CODE_SIGN_IDENTITY = "iPhone Developer";
				COPY_PHASE_STRIP = NO;
				DEBUG_INFORMATION_FORMAT = dwarf;
				ENABLE_STRICT_OBJC_MSGSEND = YES;
				ENABLE_TESTABILITY = YES;
				GCC_C_LANGUAGE_STANDARD = gnu11;
				GCC_DYNAMIC_NO_PIC = NO;
				GCC_NO_COMMON_BLOCKS = YES;
				GCC_OPTIMIZATION_LEVEL = 0;
				GCC_PREPROCESSOR_DEFINITIONS = (
					"DEBUG=1",
					"$(inherited)",
				);
				GCC_WARN_64_TO_32_BIT_CONVERSION = YES;
				GCC_WARN_ABOUT_RETURN_TYPE = YES_ERROR;
				GCC_WARN_UNDECLARED_SELECTOR = YES;
				GCC_WARN_UNINITIALIZED_AUTOS = YES_AGGRESSIVE;
				GCC_WARN_UNUSED_FUNCTION = YES;
				GCC_WARN_UNUSED_VARIABLE = YES;
				IPHONEOS_DEPLOYMENT_TARGET = 12.2;
				MTL_ENABLE_DEBUG_INFO = INCLUDE_SOURCE;
				MTL_FAST_MATH = YES;
				ONLY_ACTIVE_ARCH = YES;
				SDKROOT = iphoneos;
				SWIFT_ACTIVE_COMPILATION_CONDITIONS = DEBUG;
				SWIFT_OPTIMIZATION_LEVEL = "-Onone";
			};
			name = Debug;
		};
		FC5F986022D4F815007A88E9 /* Release */ = {
			isa = XCBuildConfiguration;
			buildSettings = {
				ALWAYS_SEARCH_USER_PATHS = NO;
				CLANG_ANALYZER_NONNULL = YES;
				CLANG_ANALYZER_NUMBER_OBJECT_CONVERSION = YES_AGGRESSIVE;
				CLANG_CXX_LANGUAGE_STANDARD = "gnu++14";
				CLANG_CXX_LIBRARY = "libc++";
				CLANG_ENABLE_MODULES = YES;
				CLANG_ENABLE_OBJC_ARC = YES;
				CLANG_ENABLE_OBJC_WEAK = YES;
				CLANG_WARN_BLOCK_CAPTURE_AUTORELEASING = YES;
				CLANG_WARN_BOOL_CONVERSION = YES;
				CLANG_WARN_COMMA = YES;
				CLANG_WARN_CONSTANT_CONVERSION = YES;
				CLANG_WARN_DEPRECATED_OBJC_IMPLEMENTATIONS = YES;
				CLANG_WARN_DIRECT_OBJC_ISA_USAGE = YES_ERROR;
				CLANG_WARN_DOCUMENTATION_COMMENTS = YES;
				CLANG_WARN_EMPTY_BODY = YES;
				CLANG_WARN_ENUM_CONVERSION = YES;
				CLANG_WARN_INFINITE_RECURSION = YES;
				CLANG_WARN_INT_CONVERSION = YES;
				CLANG_WARN_NON_LITERAL_NULL_CONVERSION = YES;
				CLANG_WARN_OBJC_IMPLICIT_RETAIN_SELF = YES;
				CLANG_WARN_OBJC_LITERAL_CONVERSION = YES;
				CLANG_WARN_OBJC_ROOT_CLASS = YES_ERROR;
				CLANG_WARN_RANGE_LOOP_ANALYSIS = YES;
				CLANG_WARN_STRICT_PROTOTYPES = YES;
				CLANG_WARN_SUSPICIOUS_MOVE = YES;
				CLANG_WARN_UNGUARDED_AVAILABILITY = YES_AGGRESSIVE;
				CLANG_WARN_UNREACHABLE_CODE = YES;
				CLANG_WARN__DUPLICATE_METHOD_MATCH = YES;
				CODE_SIGN_IDENTITY = "iPhone Developer";
				COPY_PHASE_STRIP = NO;
				DEBUG_INFORMATION_FORMAT = "dwarf-with-dsym";
				ENABLE_NS_ASSERTIONS = NO;
				ENABLE_STRICT_OBJC_MSGSEND = YES;
				GCC_C_LANGUAGE_STANDARD = gnu11;
				GCC_NO_COMMON_BLOCKS = YES;
				GCC_WARN_64_TO_32_BIT_CONVERSION = YES;
				GCC_WARN_ABOUT_RETURN_TYPE = YES_ERROR;
				GCC_WARN_UNDECLARED_SELECTOR = YES;
				GCC_WARN_UNINITIALIZED_AUTOS = YES_AGGRESSIVE;
				GCC_WARN_UNUSED_FUNCTION = YES;
				GCC_WARN_UNUSED_VARIABLE = YES;
				IPHONEOS_DEPLOYMENT_TARGET = 12.2;
				MTL_ENABLE_DEBUG_INFO = NO;
				MTL_FAST_MATH = YES;
				SDKROOT = iphoneos;
				SWIFT_COMPILATION_MODE = wholemodule;
				SWIFT_OPTIMIZATION_LEVEL = "-O";
				VALIDATE_PRODUCT = YES;
			};
			name = Release;
		};
		FC5F986222D4F815007A88E9 /* Debug */ = {
			isa = XCBuildConfiguration;
			buildSettings = {
				ASSETCATALOG_COMPILER_APPICON_NAME = AppIcon;
				CODE_SIGN_STYLE = Automatic;
				DEVELOPMENT_TEAM = Y7TNCJPS5N;
				INFOPLIST_FILE = "$(SRCROOT)/MapKit0110/Info.plist";
				LD_RUNPATH_SEARCH_PATHS = (
					"$(inherited)",
					"@executable_path/Frameworks",
				);
				PRODUCT_BUNDLE_IDENTIFIER = com.ac10qt.MapKit0107;
				PRODUCT_NAME = "$(TARGET_NAME)";
				SWIFT_VERSION = 5.0;
				TARGETED_DEVICE_FAMILY = "1,2";
			};
			name = Debug;
		};
		FC5F986322D4F815007A88E9 /* Release */ = {
			isa = XCBuildConfiguration;
			buildSettings = {
				ASSETCATALOG_COMPILER_APPICON_NAME = AppIcon;
				CODE_SIGN_STYLE = Automatic;
				DEVELOPMENT_TEAM = Y7TNCJPS5N;
				INFOPLIST_FILE = "$(SRCROOT)/MapKit0110/Info.plist";
				LD_RUNPATH_SEARCH_PATHS = (
					"$(inherited)",
					"@executable_path/Frameworks",
				);
				PRODUCT_BUNDLE_IDENTIFIER = com.ac10qt.MapKit0107;
				PRODUCT_NAME = "$(TARGET_NAME)";
				SWIFT_VERSION = 5.0;
				TARGETED_DEVICE_FAMILY = "1,2";
			};
			name = Release;
		};
/* End XCBuildConfiguration section */

/* Begin XCConfigurationList section */
		FC5F984A22D4F814007A88E9 /* Build configuration list for PBXProject "MapKit0110" */ = {
			isa = XCConfigurationList;
			buildConfigurations = (
				FC5F985F22D4F815007A88E9 /* Debug */,
				FC5F986022D4F815007A88E9 /* Release */,
			);
			defaultConfigurationIsVisible = 0;
			defaultConfigurationName = Release;
		};
		FC5F986122D4F815007A88E9 /* Build configuration list for PBXNativeTarget "MapKit0110" */ = {
			isa = XCConfigurationList;
			buildConfigurations = (
				FC5F986222D4F815007A88E9 /* Debug */,
				FC5F986322D4F815007A88E9 /* Release */,
			);
			defaultConfigurationIsVisible = 0;
			defaultConfigurationName = Release;
		};
/* End XCConfigurationList section */
	};
	rootObject = FC5F984722D4F814007A88E9 /* Project object */;
}
